Microsoft Visual Studio Solution File, Format Version 12.00
# Visual Studio Version 17
VisualStudioVersion = 17.5.2.0
MinimumVisualStudioVersion = 10.0.40219.1
Project("{FAE04EC0-301F-11D3-BF4B-00C04F79EFBC}") = "BreakGmSample", "BreakGmSample.csproj", "{2A045BEE-B85A-BD36-3461-82003FAA3A25}"
EndProject
Global
	GlobalSection(SolutionConfigurationPlatforms) = preSolution
		Debug|Any CPU = Debug|Any CPU
		Release|Any CPU = Release|Any CPU
	EndGlobalSection
	GlobalSection(ProjectConfigurationPlatforms) = postSolution
		{2A045BEE-B85A-BD36-3461-82003FAA3A25}.Debug|Any CPU.ActiveCfg = Debug|Any CPU
		{2A045BEE-B85A-BD36-3461-82003FAA3A25}.Debug|Any CPU.Build.0 = Debug|Any CPU
		{2A045BEE-B85A-BD36-3461-82003FAA3A25}.Release|Any CPU.ActiveCfg = Release|Any CPU
		{2A045BEE-B85A-BD36-3461-82003FAA3A25}.Release|Any CPU.Build.0 = Release|Any CPU
	EndGlobalSection
	GlobalSection(SolutionProperties) = preSolution
		HideSolutionNode = FALSE
	EndGlobalSection
	GlobalSection(ExtensibilityGlobals) = postSolution
		SolutionGuid = {E5D812B9-D7D4-45FA-B101-8444CAC23F0E}
	EndGlobalSection
EndGlobal
